
Microsoft Visual Studio Solution File, Format Version 12.00
# Visual Studio Version 17
VisualStudioVersion = 17.4.33213.308
MinimumVisualStudioVersion = 10.0.40219.1
Project("{9A19103F-16F7-4668-BE54-9A1E7A4F7556}") = "SingleResponsibilityPrincipe", "SingleResponsibilityPrincipe\SingleResponsibilityPrincipe.csproj", "{480381DE-6119-434C-BD10-93619CE77A3F}"
EndProject
Project("{9A19103F-16F7-4668-BE54-9A1E7A4F7556}") = "OpenClosePrincipe", "OpenClosePrincipe\OpenClosePrincipe.csproj", "{54FE8A5E-6157-420D-9F3D-E650533DDE1E}"
EndProject
Project("{9A19103F-16F7-4668-BE54-9A1E7A4F7556}") = "LizkovischePrincipe", "LizkovischePrincipe\LizkovischePrincipe.csproj", "{42AE7A6B-1BB7-4AE3-98F9-F8385FD35B19}"
EndProject
Project("{9A19103F-16F7-4668-BE54-9A1E7A4F7556}") = "InterfaceSegerationPrincipe", "InterfaceSegerationPrincipe\InterfaceSegerationPrincipe.csproj", "{77DF23A6-3D9E-4B6D-B38B-271E6063C159}"
EndProject
Project("{9A19103F-16F7-4668-BE54-9A1E7A4F7556}") = "DependencyInversion.cs", "DependencyInversion.cs\DependencyInversion.cs.csproj", "{9C6CC719-9AC6-4BB5-9DFE-A6E4AB14A4CC}"
EndProject
Project("{9A19103F-16F7-4668-BE54-9A1E7A4F7556}") = "IOCContainerSample", "IOCContainerSample\IOCContainerSample.csproj", "{191F0836-1865-429D-B429-095DEFB83027}"
EndProject
Project("{9A19103F-16F7-4668-BE54-9A1E7A4F7556}") = "ASPNETCORE_IOCSample", "ASPNETCORE_IOCSample\ASPNETCORE_IOCSample.csproj", "{3B63E2D6-11C2-4220-884B-85FAF4EFC764}"
EndProject
Project("{2150E333-8FDC-42A3-9474-1A3956D46DE8}") = "Modul001_SOLID", "Modul001_SOLID", "{7ACBAAF7-BDA3-4E05-88E8-E7DDE18D903F}"
EndProject
Project("{2150E333-8FDC-42A3-9474-1A3956D46DE8}") = "Modul002_IOC", "Modul002_IOC", "{354AA8AB-03D4-4471-A8E4-1C7D66116469}"
EndProject
Project("{9A19103F-16F7-4668-BE54-9A1E7A4F7556}") = "DefaultMVCProject", "DefaultMVCProject\DefaultMVCProject.csproj", "{D6C45DCA-6863-4687-90E4-FD702DF9F1DC}"
EndProject
Project("{9A19103F-16F7-4668-BE54-9A1E7A4F7556}") = "ASPNETCORE_Configuration_and_Logging", "ASPNETCORE_Configuration_and_Logging\ASPNETCORE_Configuration_and_Logging.csproj", "{D3CA97C2-B854-48D2-AB24-440DE470798E}"
EndProject
Project("{9A19103F-16F7-4668-BE54-9A1E7A4F7556}") = "ASPNETCORE_Default_Project", "ASPNETCORE_Default_Project\ASPNETCORE_Default_Project.csproj", "{69741950-494E-4A77-B0B4-F4BE5282D4A4}"
EndProject
Project("{2150E333-8FDC-42A3-9474-1A3956D46DE8}") = "Modul003_Default_RazorPageProject", "Modul003_Default_RazorPageProject", "{21FFE0B6-005D-4A16-8F95-4201D2ED13A6}"
EndProject
Project("{2150E333-8FDC-42A3-9474-1A3956D46DE8}") = "Modul004_Configuration_Logging", "Modul004_Configuration_Logging", "{9950EC92-95FE-44CE-9694-FF507187AF51}"
EndProject
Project("{9A19103F-16F7-4668-BE54-9A1E7A4F7556}") = "RazorPages_Samples", "RazorPages_Samples\RazorPages_Samples.csproj", "{8D58E3B9-F3B0-4D69-84FB-43C131CC568A}"
EndProject
Project("{2150E333-8FDC-42A3-9474-1A3956D46DE8}") = "Solution Items", "Solution Items", "{BD62071C-C4CA-4B2D-BA83-09D05FF8E69F}"
	ProjectSection(SolutionItems) = preProject
		..\Agenda.md = ..\Agenda.md
	EndProjectSection
EndProject
Project("{2150E333-8FDC-42A3-9474-1A3956D46DE8}") = "Modul005_RazorPageSamples", "Modul005_RazorPageSamples", "{8D042EA9-C3CE-4521-A82F-F99AC2537873}"
EndProject
Project("{9A19103F-16F7-4668-BE54-9A1E7A4F7556}") = "RazorPage_with_EFCore_Intro", "RazorPage_with_EFCore_Intro\RazorPage_with_EFCore_Intro.csproj", "{B64B02FF-7946-429B-A877-862CC4A4340E}"
EndProject
Project("{9A19103F-16F7-4668-BE54-9A1E7A4F7556}") = "RazorPage_with_EfCore_SecondProject", "RazorPage_with_EfCore_SecondProject\RazorPage_with_EfCore_SecondProject.csproj", "{074507AE-CF8A-45D5-A264-05F46ED5B571}"
EndProject
Project("{2150E333-8FDC-42A3-9474-1A3956D46DE8}") = "Modul006_EfCore", "Modul006_EfCore", "{224EBCDD-CFDE-457C-943C-29EC427AACF2}"
EndProject
Project("{9A19103F-16F7-4668-BE54-9A1E7A4F7556}") = "ValidierungsSamples", "ValidierungsSamples\ValidierungsSamples.csproj", "{677C631C-024D-4316-960D-F726AFCBE6E1}"
EndProject
Project("{9A19103F-16F7-4668-BE54-9A1E7A4F7556}") = "ValidierungsSamples.DAL", "ValidierungsSamples.DAL\ValidierungsSamples.DAL.csproj", "{CE68FBC7-7C7B-48F9-8FFF-573556FB9980}"
EndProject
Project("{2150E333-8FDC-42A3-9474-1A3956D46DE8}") = "Modul007_Validation", "Modul007_Validation", "{016FF4BC-6B56-497F-A162-A0B68BCC0E3F}"
EndProject
Project("{9A19103F-16F7-4668-BE54-9A1E7A4F7556}") = "RelationalesSample", "RelationalesSample\RelationalesSample.csproj", "{22F2BC92-8B3B-488A-85DE-CAA2B53E8391}"
EndProject
Project("{2150E333-8FDC-42A3-9474-1A3956D46DE8}") = "Modul008_EFCore_with_Relations", "Modul008_EFCore_with_Relations", "{5F0164D8-50C1-4B62-B575-68061BB2C7DB}"
EndProject
Project("{FAE04EC0-301F-11D3-BF4B-00C04F79EFBC}") = "DataAnnotationsLocalisation", "DataAnnotationsLocalisation\DataAnnotationsLocalisation.csproj", "{4355D920-5E6F-40C1-9F7E-F88AC2B2A530}"
EndProject
Global
	GlobalSection(SolutionConfigurationPlatforms) = preSolution
		Debug|Any CPU = Debug|Any CPU
		Release|Any CPU = Release|Any CPU
	EndGlobalSection
	GlobalSection(ProjectConfigurationPlatforms) = postSolution
		{480381DE-6119-434C-BD10-93619CE77A3F}.Debug|Any CPU.ActiveCfg = Debug|Any CPU
		{480381DE-6119-434C-BD10-93619CE77A3F}.Debug|Any CPU.Build.0 = Debug|Any CPU
		{480381DE-6119-434C-BD10-93619CE77A3F}.Release|Any CPU.ActiveCfg = Release|Any CPU
		{480381DE-6119-434C-BD10-93619CE77A3F}.Release|Any CPU.Build.0 = Release|Any CPU
		{54FE8A5E-6157-420D-9F3D-E650533DDE1E}.Debug|Any CPU.ActiveCfg = Debug|Any CPU
		{54FE8A5E-6157-420D-9F3D-E650533DDE1E}.Debug|Any CPU.Build.0 = Debug|Any CPU
		{54FE8A5E-6157-420D-9F3D-E650533DDE1E}.Release|Any CPU.ActiveCfg = Release|Any CPU
		{54FE8A5E-6157-420D-9F3D-E650533DDE1E}.Release|Any CPU.Build.0 = Release|Any CPU
		{42AE7A6B-1BB7-4AE3-98F9-F8385FD35B19}.Debug|Any CPU.ActiveCfg = Debug|Any CPU
		{42AE7A6B-1BB7-4AE3-98F9-F8385FD35B19}.Debug|Any CPU.Build.0 = Debug|Any CPU
		{42AE7A6B-1BB7-4AE3-98F9-F8385FD35B19}.Release|Any CPU.ActiveCfg = Release|Any CPU
		{42AE7A6B-1BB7-4AE3-98F9-F8385FD35B19}.Release|Any CPU.Build.0 = Release|Any CPU
		{77DF23A6-3D9E-4B6D-B38B-271E6063C159}.Debug|Any CPU.ActiveCfg = Debug|Any CPU
		{77DF23A6-3D9E-4B6D-B38B-271E6063C159}.Debug|Any CPU.Build.0 = Debug|Any CPU
		{77DF23A6-3D9E-4B6D-B38B-271E6063C159}.Release|Any CPU.ActiveCfg = Release|Any CPU
		{77DF23A6-3D9E-4B6D-B38B-271E6063C159}.Release|Any CPU.Build.0 = Release|Any CPU
		{9C6CC719-9AC6-4BB5-9DFE-A6E4AB14A4CC}.Debug|Any CPU.ActiveCfg = Debug|Any CPU
		{9C6CC719-9AC6-4BB5-9DFE-A6E4AB14A4CC}.Debug|Any CPU.Build.0 = Debug|Any CPU
		{9C6CC719-9AC6-4BB5-9DFE-A6E4AB14A4CC}.Release|Any CPU.ActiveCfg = Release|Any CPU
		{9C6CC719-9AC6-4BB5-9DFE-A6E4AB14A4CC}.Release|Any CPU.Build.0 = Release|Any CPU
		{191F0836-1865-429D-B429-095DEFB83027}.Debug|Any CPU.ActiveCfg = Debug|Any CPU
		{191F0836-1865-429D-B429-095DEFB83027}.Debug|Any CPU.Build.0 = Debug|Any CPU
		{191F0836-1865-429D-B429-095DEFB83027}.Release|Any CPU.ActiveCfg = Release|Any CPU
		{191F0836-1865-429D-B429-095DEFB83027}.Release|Any CPU.Build.0 = Release|Any CPU
		{3B63E2D6-11C2-4220-884B-85FAF4EFC764}.Debug|Any CPU.ActiveCfg = Debug|Any CPU
		{3B63E2D6-11C2-4220-884B-85FAF4EFC764}.Debug|Any CPU.Build.0 = Debug|Any CPU
		{3B63E2D6-11C2-4220-884B-85FAF4EFC764}.Release|Any CPU.ActiveCfg = Release|Any CPU
		{3B63E2D6-11C2-4220-884B-85FAF4EFC764}.Release|Any CPU.Build.0 = Release|Any CPU
		{D6C45DCA-6863-4687-90E4-FD702DF9F1DC}.Debug|Any CPU.ActiveCfg = Debug|Any CPU
		{D6C45DCA-6863-4687-90E4-FD702DF9F1DC}.Debug|Any CPU.Build.0 = Debug|Any CPU
		{D6C45DCA-6863-4687-90E4-FD702DF9F1DC}.Release|Any CPU.ActiveCfg = Release|Any CPU
		{D6C45DCA-6863-4687-90E4-FD702DF9F1DC}.Release|Any CPU.Build.0 = Release|Any CPU
		{D3CA97C2-B854-48D2-AB24-440DE470798E}.Debug|Any CPU.ActiveCfg = Debug|Any CPU
		{D3CA97C2-B854-48D2-AB24-440DE470798E}.Debug|Any CPU.Build.0 = Debug|Any CPU
		{D3CA97C2-B854-48D2-AB24-440DE470798E}.Release|Any CPU.ActiveCfg = Release|Any CPU
		{D3CA97C2-B854-48D2-AB24-440DE470798E}.Release|Any CPU.Build.0 = Release|Any CPU
		{69741950-494E-4A77-B0B4-F4BE5282D4A4}.Debug|Any CPU.ActiveCfg = Debug|Any CPU
		{69741950-494E-4A77-B0B4-F4BE5282D4A4}.Debug|Any CPU.Build.0 = Debug|Any CPU
		{69741950-494E-4A77-B0B4-F4BE5282D4A4}.Release|Any CPU.ActiveCfg = Release|Any CPU
		{69741950-494E-4A77-B0B4-F4BE5282D4A4}.Release|Any CPU.Build.0 = Release|Any CPU
		{8D58E3B9-F3B0-4D69-84FB-43C131CC568A}.Debug|Any CPU.ActiveCfg = Debug|Any CPU
		{8D58E3B9-F3B0-4D69-84FB-43C131CC568A}.Debug|Any CPU.Build.0 = Debug|Any CPU
		{8D58E3B9-F3B0-4D69-84FB-43C131CC568A}.Release|Any CPU.ActiveCfg = Release|Any CPU
		{8D58E3B9-F3B0-4D69-84FB-43C131CC568A}.Release|Any CPU.Build.0 = Release|Any CPU
		{B64B02FF-7946-429B-A877-862CC4A4340E}.Debug|Any CPU.ActiveCfg = Debug|Any CPU
		{B64B02FF-7946-429B-A877-862CC4A4340E}.Debug|Any CPU.Build.0 = Debug|Any CPU
		{B64B02FF-7946-429B-A877-862CC4A4340E}.Release|Any CPU.ActiveCfg = Release|Any CPU
		{B64B02FF-7946-429B-A877-862CC4A4340E}.Release|Any CPU.Build.0 = Release|Any CPU
		{074507AE-CF8A-45D5-A264-05F46ED5B571}.Debug|Any CPU.ActiveCfg = Debug|Any CPU
		{074507AE-CF8A-45D5-A264-05F46ED5B571}.Debug|Any CPU.Build.0 = Debug|Any CPU
		{074507AE-CF8A-45D5-A264-05F46ED5B571}.Release|Any CPU.ActiveCfg = Release|Any CPU
		{074507AE-CF8A-45D5-A264-05F46ED5B571}.Release|Any CPU.Build.0 = Release|Any CPU
		{677C631C-024D-4316-960D-F726AFCBE6E1}.Debug|Any CPU.ActiveCfg = Debug|Any CPU
		{677C631C-024D-4316-960D-F726AFCBE6E1}.Debug|Any CPU.Build.0 = Debug|Any CPU
		{677C631C-024D-4316-960D-F726AFCBE6E1}.Release|Any CPU.ActiveCfg = Release|Any CPU
		{677C631C-024D-4316-960D-F726AFCBE6E1}.Release|Any CPU.Build.0 = Release|Any CPU
		{CE68FBC7-7C7B-48F9-8FFF-573556FB9980}.Debug|Any CPU.ActiveCfg = Debug|Any CPU
		{CE68FBC7-7C7B-48F9-8FFF-573556FB9980}.Debug|Any CPU.Build.0 = Debug|Any CPU
		{CE68FBC7-7C7B-48F9-8FFF-573556FB9980}.Release|Any CPU.ActiveCfg = Release|Any CPU
		{CE68FBC7-7C7B-48F9-8FFF-573556FB9980}.Release|Any CPU.Build.0 = Release|Any CPU
		{22F2BC92-8B3B-488A-85DE-CAA2B53E8391}.Debug|Any CPU.ActiveCfg = Debug|Any CPU
		{22F2BC92-8B3B-488A-85DE-CAA2B53E8391}.Debug|Any CPU.Build.0 = Debug|Any CPU
		{22F2BC92-8B3B-488A-85DE-CAA2B53E8391}.Release|Any CPU.ActiveCfg = Release|Any CPU
		{22F2BC92-8B3B-488A-85DE-CAA2B53E8391}.Release|Any CPU.Build.0 = Release|Any CPU
		{4355D920-5E6F-40C1-9F7E-F88AC2B2A530}.Debug|Any CPU.ActiveCfg = Debug|Any CPU
		{4355D920-5E6F-40C1-9F7E-F88AC2B2A530}.Debug|Any CPU.Build.0 = Debug|Any CPU
		{4355D920-5E6F-40C1-9F7E-F88AC2B2A530}.Release|Any CPU.ActiveCfg = Release|Any CPU
		{4355D920-5E6F-40C1-9F7E-F88AC2B2A530}.Release|Any CPU.Build.0 = Release|Any CPU
	EndGlobalSection
	GlobalSection(SolutionProperties) = preSolution
		HideSolutionNode = FALSE
	EndGlobalSection
	GlobalSection(NestedProjects) = preSolution
		{480381DE-6119-434C-BD10-93619CE77A3F} = {7ACBAAF7-BDA3-4E05-88E8-E7DDE18D903F}
		{54FE8A5E-6157-420D-9F3D-E650533DDE1E} = {7ACBAAF7-BDA3-4E05-88E8-E7DDE18D903F}
		{42AE7A6B-1BB7-4AE3-98F9-F8385FD35B19} = {7ACBAAF7-BDA3-4E05-88E8-E7DDE18D903F}
		{77DF23A6-3D9E-4B6D-B38B-271E6063C159} = {7ACBAAF7-BDA3-4E05-88E8-E7DDE18D903F}
		{9C6CC719-9AC6-4BB5-9DFE-A6E4AB14A4CC} = {7ACBAAF7-BDA3-4E05-88E8-E7DDE18D903F}
		{191F0836-1865-429D-B429-095DEFB83027} = {354AA8AB-03D4-4471-A8E4-1C7D66116469}
		{3B63E2D6-11C2-4220-884B-85FAF4EFC764} = {354AA8AB-03D4-4471-A8E4-1C7D66116469}
		{D6C45DCA-6863-4687-90E4-FD702DF9F1DC} = {354AA8AB-03D4-4471-A8E4-1C7D66116469}
		{D3CA97C2-B854-48D2-AB24-440DE470798E} = {9950EC92-95FE-44CE-9694-FF507187AF51}
		{69741950-494E-4A77-B0B4-F4BE5282D4A4} = {21FFE0B6-005D-4A16-8F95-4201D2ED13A6}
		{8D58E3B9-F3B0-4D69-84FB-43C131CC568A} = {8D042EA9-C3CE-4521-A82F-F99AC2537873}
		{B64B02FF-7946-429B-A877-862CC4A4340E} = {224EBCDD-CFDE-457C-943C-29EC427AACF2}
		{074507AE-CF8A-45D5-A264-05F46ED5B571} = {224EBCDD-CFDE-457C-943C-29EC427AACF2}
		{677C631C-024D-4316-960D-F726AFCBE6E1} = {016FF4BC-6B56-497F-A162-A0B68BCC0E3F}
		{CE68FBC7-7C7B-48F9-8FFF-573556FB9980} = {016FF4BC-6B56-497F-A162-A0B68BCC0E3F}
		{22F2BC92-8B3B-488A-85DE-CAA2B53E8391} = {5F0164D8-50C1-4B62-B575-68061BB2C7DB}
	EndGlobalSection
	GlobalSection(ExtensibilityGlobals) = postSolution
		SolutionGuid = {42F9FD03-E3AC-4ABF-AB01-46345651A162}
	EndGlobalSection
EndGlobal
